
Microsoft Visual Studio Solution File, Format Version 12.00
# Visual Studio Version 17
VisualStudioVersion = 17.3.32929.385
MinimumVisualStudioVersion = 10.0.40219.1
Project("{FAE04EC0-301F-11D3-BF4B-00C04F79EFBC}") = "AutomapSample", "AutomapSample.csproj", "{AB51C12D-32AE-44CF-B845-91FCD2F7646B}"
EndProject
Global
	GlobalSection(SolutionConfigurationPlatforms) = preSolution
		Debug|Any CPU = Debug|Any CPU
		Release|Any CPU = Release|Any CPU
	EndGlobalSection
	GlobalSection(ProjectConfigurationPlatforms) = postSolution
		{AB51C12D-32AE-44CF-B845-91FCD2F7646B}.Debug|Any CPU.ActiveCfg = Debug|Any CPU
		{AB51C12D-32AE-44CF-B845-91FCD2F7646B}.Debug|Any CPU.Build.0 = Debug|Any CPU
		{AB51C12D-32AE-44CF-B845-91FCD2F7646B}.Release|Any CPU.ActiveCfg = Release|Any CPU
		{AB51C12D-32AE-44CF-B845-91FCD2F7646B}.Release|Any CPU.Build.0 = Release|Any CPU
	EndGlobalSection
	GlobalSection(SolutionProperties) = preSolution
		HideSolutionNode = FALSE
	EndGlobalSection
	GlobalSection(ExtensibilityGlobals) = postSolution
		SolutionGuid = {AE7950DB-3703-49C4-BDEB-E2BE0DE9AE01}
	EndGlobalSection
EndGlobal
