
Microsoft Visual Studio Solution File, Format Version 12.00
# Visual Studio Version 17
VisualStudioVersion = 17.3.32819.101
MinimumVisualStudioVersion = 10.0.40219.1
Project("{FAE04EC0-301F-11D3-BF4B-00C04F79EFBC}") = "AccountSample.Contorollers", "AccountSample\AccountSample.Contorollers.csproj", "{D34AC85B-1F92-4139-8465-86E3143C5619}"
EndProject
Project("{FAE04EC0-301F-11D3-BF4B-00C04F79EFBC}") = "AccountSample.ServiceInterfaces", "AccountSample.ServiceInterfaces\AccountSample.ServiceInterfaces.csproj", "{79E140D0-BA51-4086-985C-66A28682D021}"
EndProject
Project("{FAE04EC0-301F-11D3-BF4B-00C04F79EFBC}") = "AccountSample.ServicesImplementations", "AccountSample.ServicesImplementations\AccountSample.ServicesImplementations.csproj", "{811F322B-1769-4A61-B258-D995CE711983}"
EndProject
Project("{FAE04EC0-301F-11D3-BF4B-00C04F79EFBC}") = "AccountSample.Domain", "AccountSample.Domain\AccountSample.Domain.csproj", "{6230A7AB-39F6-47D3-B708-7FE3A095D422}"
EndProject
Project("{FAE04EC0-301F-11D3-BF4B-00C04F79EFBC}") = "AccountSample.DomainRepositories", "AccountSample.DomainRepositories\AccountSample.DomainRepositories.csproj", "{EF993E97-7FAF-4DD5-8C31-DABABD7E68FF}"
EndProject
Global
	GlobalSection(SolutionConfigurationPlatforms) = preSolution
		Debug|Any CPU = Debug|Any CPU
		Release|Any CPU = Release|Any CPU
	EndGlobalSection
	GlobalSection(ProjectConfigurationPlatforms) = postSolution
		{D34AC85B-1F92-4139-8465-86E3143C5619}.Debug|Any CPU.ActiveCfg = Debug|Any CPU
		{D34AC85B-1F92-4139-8465-86E3143C5619}.Debug|Any CPU.Build.0 = Debug|Any CPU
		{D34AC85B-1F92-4139-8465-86E3143C5619}.Release|Any CPU.ActiveCfg = Release|Any CPU
		{D34AC85B-1F92-4139-8465-86E3143C5619}.Release|Any CPU.Build.0 = Release|Any CPU
		{79E140D0-BA51-4086-985C-66A28682D021}.Debug|Any CPU.ActiveCfg = Debug|Any CPU
		{79E140D0-BA51-4086-985C-66A28682D021}.Debug|Any CPU.Build.0 = Debug|Any CPU
		{79E140D0-BA51-4086-985C-66A28682D021}.Release|Any CPU.ActiveCfg = Release|Any CPU
		{79E140D0-BA51-4086-985C-66A28682D021}.Release|Any CPU.Build.0 = Release|Any CPU
		{811F322B-1769-4A61-B258-D995CE711983}.Debug|Any CPU.ActiveCfg = Debug|Any CPU
		{811F322B-1769-4A61-B258-D995CE711983}.Debug|Any CPU.Build.0 = Debug|Any CPU
		{811F322B-1769-4A61-B258-D995CE711983}.Release|Any CPU.ActiveCfg = Release|Any CPU
		{811F322B-1769-4A61-B258-D995CE711983}.Release|Any CPU.Build.0 = Release|Any CPU
		{6230A7AB-39F6-47D3-B708-7FE3A095D422}.Debug|Any CPU.ActiveCfg = Debug|Any CPU
		{6230A7AB-39F6-47D3-B708-7FE3A095D422}.Debug|Any CPU.Build.0 = Debug|Any CPU
		{6230A7AB-39F6-47D3-B708-7FE3A095D422}.Release|Any CPU.ActiveCfg = Release|Any CPU
		{6230A7AB-39F6-47D3-B708-7FE3A095D422}.Release|Any CPU.Build.0 = Release|Any CPU
		{EF993E97-7FAF-4DD5-8C31-DABABD7E68FF}.Debug|Any CPU.ActiveCfg = Debug|Any CPU
		{EF993E97-7FAF-4DD5-8C31-DABABD7E68FF}.Debug|Any CPU.Build.0 = Debug|Any CPU
		{EF993E97-7FAF-4DD5-8C31-DABABD7E68FF}.Release|Any CPU.ActiveCfg = Release|Any CPU
		{EF993E97-7FAF-4DD5-8C31-DABABD7E68FF}.Release|Any CPU.Build.0 = Release|Any CPU
	EndGlobalSection
	GlobalSection(SolutionProperties) = preSolution
		HideSolutionNode = FALSE
	EndGlobalSection
	GlobalSection(ExtensibilityGlobals) = postSolution
		SolutionGuid = {0775A9C8-9070-472D-9967-C1498FC2BFAF}
	EndGlobalSection
EndGlobal
