
Microsoft Visual Studio Solution File, Format Version 12.00
# Visual Studio Version 17
VisualStudioVersion = 17.3.32819.101
MinimumVisualStudioVersion = 10.0.40219.1
Project("{FAE04EC0-301F-11D3-BF4B-00C04F79EFBC}") = "InterfaceDefinition", "InterfaceDefinition\InterfaceDefinition.csproj", "{10D53CCA-00E6-4293-B345-0FA3FC1F962A}"
EndProject
Global
	GlobalSection(SolutionConfigurationPlatforms) = preSolution
		Debug|Any CPU = Debug|Any CPU
		Release|Any CPU = Release|Any CPU
	EndGlobalSection
	GlobalSection(ProjectConfigurationPlatforms) = postSolution
		{10D53CCA-00E6-4293-B345-0FA3FC1F962A}.Debug|Any CPU.ActiveCfg = Debug|Any CPU
		{10D53CCA-00E6-4293-B345-0FA3FC1F962A}.Debug|Any CPU.Build.0 = Debug|Any CPU
		{10D53CCA-00E6-4293-B345-0FA3FC1F962A}.Release|Any CPU.ActiveCfg = Release|Any CPU
		{10D53CCA-00E6-4293-B345-0FA3FC1F962A}.Release|Any CPU.Build.0 = Release|Any CPU
	EndGlobalSection
	GlobalSection(SolutionProperties) = preSolution
		HideSolutionNode = FALSE
	EndGlobalSection
	GlobalSection(ExtensibilityGlobals) = postSolution
		SolutionGuid = {D318C870-657E-436C-A4B6-0892EF7CEB9E}
	EndGlobalSection
EndGlobal
