
Microsoft Visual Studio Solution File, Format Version 12.00
# Visual Studio Version 17
VisualStudioVersion = 17.3.32819.101
MinimumVisualStudioVersion = 10.0.40219.1
Project("{FAE04EC0-301F-11D3-BF4B-00C04F79EFBC}") = "Ch6OCP", "Ch6OCP\Ch6OCP.csproj", "{F13B1BF4-DBED-4E0F-B70B-E1E25931B529}"
EndProject
Global
	GlobalSection(SolutionConfigurationPlatforms) = preSolution
		Debug|Any CPU = Debug|Any CPU
		Release|Any CPU = Release|Any CPU
	EndGlobalSection
	GlobalSection(ProjectConfigurationPlatforms) = postSolution
		{F13B1BF4-DBED-4E0F-B70B-E1E25931B529}.Debug|Any CPU.ActiveCfg = Debug|Any CPU
		{F13B1BF4-DBED-4E0F-B70B-E1E25931B529}.Debug|Any CPU.Build.0 = Debug|Any CPU
		{F13B1BF4-DBED-4E0F-B70B-E1E25931B529}.Release|Any CPU.ActiveCfg = Release|Any CPU
		{F13B1BF4-DBED-4E0F-B70B-E1E25931B529}.Release|Any CPU.Build.0 = Release|Any CPU
	EndGlobalSection
	GlobalSection(SolutionProperties) = preSolution
		HideSolutionNode = FALSE
	EndGlobalSection
	GlobalSection(ExtensibilityGlobals) = postSolution
		SolutionGuid = {9F4A34F1-BD65-40B4-96E5-3AC88839A2A1}
	EndGlobalSection
EndGlobal
