
Microsoft Visual Studio Solution File, Format Version 12.00
# Visual Studio Version 17
VisualStudioVersion = 17.3.32819.101
MinimumVisualStudioVersion = 10.0.40219.1
Project("{FAE04EC0-301F-11D3-BF4B-00C04F79EFBC}") = "Ch8ISP", "Ch8ISP\Ch8ISP.csproj", "{94D93D50-32D3-4250-BA42-19282610DF5C}"
EndProject
Global
	GlobalSection(SolutionConfigurationPlatforms) = preSolution
		Debug|Any CPU = Debug|Any CPU
		Release|Any CPU = Release|Any CPU
	EndGlobalSection
	GlobalSection(ProjectConfigurationPlatforms) = postSolution
		{94D93D50-32D3-4250-BA42-19282610DF5C}.Debug|Any CPU.ActiveCfg = Debug|Any CPU
		{94D93D50-32D3-4250-BA42-19282610DF5C}.Debug|Any CPU.Build.0 = Debug|Any CPU
		{94D93D50-32D3-4250-BA42-19282610DF5C}.Release|Any CPU.ActiveCfg = Release|Any CPU
		{94D93D50-32D3-4250-BA42-19282610DF5C}.Release|Any CPU.Build.0 = Release|Any CPU
	EndGlobalSection
	GlobalSection(SolutionProperties) = preSolution
		HideSolutionNode = FALSE
	EndGlobalSection
	GlobalSection(ExtensibilityGlobals) = postSolution
		SolutionGuid = {FA5FFAA2-CF3B-4368-9254-C1066030235E}
	EndGlobalSection
EndGlobal
